
Microsoft Visual Studio Solution File, Format Version 12.00
# Visual Studio Version 16
VisualStudioVersion = 16.0.30503.244
MinimumVisualStudioVersion = 10.0.40219.1
Project("{FAE04EC0-301F-11D3-BF4B-00C04F79EFBC}") = "Classes", "Classes.csproj", "{24D938B8-68DA-4C7C-A554-BF1477CEF52B}"
EndProject
Global
	GlobalSection(SolutionConfigurationPlatforms) = preSolution
		Debug|Any CPU = Debug|Any CPU
		Release|Any CPU = Release|Any CPU
	EndGlobalSection
	GlobalSection(ProjectConfigurationPlatforms) = postSolution
		{24D938B8-68DA-4C7C-A554-BF1477CEF52B}.Debug|Any CPU.ActiveCfg = Debug|Any CPU
		{24D938B8-68DA-4C7C-A554-BF1477CEF52B}.Debug|Any CPU.Build.0 = Debug|Any CPU
		{24D938B8-68DA-4C7C-A554-BF1477CEF52B}.Release|Any CPU.ActiveCfg = Release|Any CPU
		{24D938B8-68DA-4C7C-A554-BF1477CEF52B}.Release|Any CPU.Build.0 = Release|Any CPU
	EndGlobalSection
	GlobalSection(SolutionProperties) = preSolution
		HideSolutionNode = FALSE
	EndGlobalSection
	GlobalSection(ExtensibilityGlobals) = postSolution
		SolutionGuid = {42A14F89-B302-4C0D-9623-CCA4CEA80B5E}
	EndGlobalSection
EndGlobal
